
Microsoft Visual Studio Solution File, Format Version 12.00
# Visual Studio Version 16
VisualStudioVersion = 16.0.30406.217
MinimumVisualStudioVersion = 10.0.40219.1
Project("{FAE04EC0-301F-11D3-BF4B-00C04F79EFBC}") = "RestAPI", "..\RestAPI\RestAPI\RestAPI.csproj", "{3705081C-03D2-4C74-AF4D-41E64150BF8B}"
EndProject
Global
	GlobalSection(SolutionConfigurationPlatforms) = preSolution
		Debug|Any CPU = Debug|Any CPU
		Release|Any CPU = Release|Any CPU
	EndGlobalSection
	GlobalSection(ProjectConfigurationPlatforms) = postSolution
		{3705081C-03D2-4C74-AF4D-41E64150BF8B}.Debug|Any CPU.ActiveCfg = Debug|Any CPU
		{3705081C-03D2-4C74-AF4D-41E64150BF8B}.Debug|Any CPU.Build.0 = Debug|Any CPU
		{3705081C-03D2-4C74-AF4D-41E64150BF8B}.Release|Any CPU.ActiveCfg = Release|Any CPU
		{3705081C-03D2-4C74-AF4D-41E64150BF8B}.Release|Any CPU.Build.0 = Release|Any CPU
	EndGlobalSection
	GlobalSection(SolutionProperties) = preSolution
		HideSolutionNode = FALSE
	EndGlobalSection
	GlobalSection(ExtensibilityGlobals) = postSolution
		SolutionGuid = {EF372EE1-F725-4668-8160-5838C8898FBA}
	EndGlobalSection
EndGlobal
