
Microsoft Visual Studio Solution File, Format Version 12.00
# Visual Studio Version 16
VisualStudioVersion = 16.0.30406.217
MinimumVisualStudioVersion = 10.0.40219.1
Project("{9A19103F-16F7-4668-BE54-9A1E7A4F7556}") = "DAL", "DAL\DAL.csproj", "{62FF99EB-D869-432A-A6DE-29B4BD70BA54}"
EndProject
Project("{9A19103F-16F7-4668-BE54-9A1E7A4F7556}") = "CacheManager", "CacheManager\CacheManager.csproj", "{0191F168-EAD0-45D5-B7BE-CEFD460E07C1}"
EndProject
Project("{9A19103F-16F7-4668-BE54-9A1E7A4F7556}") = "RestAPI", "RestAPI\RestAPI.csproj", "{8692F905-D0BE-4D9E-8B49-AB51D0512CA5}"
EndProject
Global
	GlobalSection(SolutionConfigurationPlatforms) = preSolution
		Debug|Any CPU = Debug|Any CPU
		Release|Any CPU = Release|Any CPU
	EndGlobalSection
	GlobalSection(ProjectConfigurationPlatforms) = postSolution
		{62FF99EB-D869-432A-A6DE-29B4BD70BA54}.Debug|Any CPU.ActiveCfg = Debug|Any CPU
		{62FF99EB-D869-432A-A6DE-29B4BD70BA54}.Debug|Any CPU.Build.0 = Debug|Any CPU
		{62FF99EB-D869-432A-A6DE-29B4BD70BA54}.Release|Any CPU.ActiveCfg = Release|Any CPU
		{62FF99EB-D869-432A-A6DE-29B4BD70BA54}.Release|Any CPU.Build.0 = Release|Any CPU
		{0191F168-EAD0-45D5-B7BE-CEFD460E07C1}.Debug|Any CPU.ActiveCfg = Debug|Any CPU
		{0191F168-EAD0-45D5-B7BE-CEFD460E07C1}.Debug|Any CPU.Build.0 = Debug|Any CPU
		{0191F168-EAD0-45D5-B7BE-CEFD460E07C1}.Release|Any CPU.ActiveCfg = Release|Any CPU
		{0191F168-EAD0-45D5-B7BE-CEFD460E07C1}.Release|Any CPU.Build.0 = Release|Any CPU
		{8692F905-D0BE-4D9E-8B49-AB51D0512CA5}.Debug|Any CPU.ActiveCfg = Debug|Any CPU
		{8692F905-D0BE-4D9E-8B49-AB51D0512CA5}.Debug|Any CPU.Build.0 = Debug|Any CPU
		{8692F905-D0BE-4D9E-8B49-AB51D0512CA5}.Release|Any CPU.ActiveCfg = Release|Any CPU
		{8692F905-D0BE-4D9E-8B49-AB51D0512CA5}.Release|Any CPU.Build.0 = Release|Any CPU
	EndGlobalSection
	GlobalSection(SolutionProperties) = preSolution
		HideSolutionNode = FALSE
	EndGlobalSection
	GlobalSection(ExtensibilityGlobals) = postSolution
		SolutionGuid = {EF372EE1-F725-4668-8160-5838C8898FBA}
	EndGlobalSection
EndGlobal
